# THIS IS AN AUTOGENERATED FILE. DO NOT EDIT THIS FILE DIRECTLY.
# yarn lockfile v1


immutable@^3.8.1:
  version "3.8.1"
  resolved "http://registry.npm.taobao.org/immutable/download/immutable-3.8.1.tgz#200807f11ab0f72710ea485542de088075f68cd2"

react-immutable-component@0.0.1:
  version "0.0.1"
  resolved "http://registry.npm.taobao.org/react-immutable-component/download/react-immutable-component-0.0.1.tgz#d39d994e3f3c896a4bf96395accaa63149d57505"
