{
	"name": "demo",
	"version": "0.0.1",
	"lockfileVersion": 1,
	"requires": true,
	"dependencies": {
		"react-native-autoheight-webview": {
			"version": "file:..",
			"requires": {
				"immutable": "3.8.1",
				"prop-types": "15.5.10"
			},
			"dependencies": {
				"@babel/code-frame": {
					"version": "7.0.0-beta.40",
					"bundled": true,
					"requires": {
						"@babel/highlight": "7.0.0-beta.40"
					}
				},
				"@babel/generator": {
					"version": "7.0.0-beta.40",
					"bundled": true,
					"requires": {
						"@babel/types": "7.0.0-beta.40",
						"jsesc": "2.5.1",
						"lodash": "4.17.5",
						"source-map": "0.5.7",
						"trim-right": "1.0.1"
					}
				},
				"@babel/helper-function-name": {
					"version": "7.0.0-beta.40",
					"bundled": true,
					"requires": {
						"@babel/helper-get-function-arity": "7.0.0-beta.40",
						"@babel/template": "7.0.0-beta.40",
						"@babel/types": "7.0.0-beta.40"
					}
				},
				"@babel/helper-get-function-arity": {
					"version": "7.0.0-beta.40",
					"bundled": true,
					"requires": {
						"@babel/types": "7.0.0-beta.40"
					}
				},
				"@babel/highlight": {
					"version": "7.0.0-beta.40",
					"bundled": true,
					"requires": {
						"chalk": "2.3.1",
						"esutils": "2.0.2",
						"js-tokens": "3.0.1"
					}
				},
				"@babel/template": {
					"version": "7.0.0-beta.40",
					"bundled": true,
					"requires": {
						"@babel/code-frame": "7.0.0-beta.40",
						"@babel/types": "7.0.0-beta.40",
						"babylon": "7.0.0-beta.40",
						"lodash": "4.17.5"
					}
				},
				"@babel/traverse": {
					"version": "7.0.0-beta.40",
					"bundled": true,
					"requires": {
						"@babel/code-frame": "7.0.0-beta.40",
						"@babel/generator": "7.0.0-beta.40",
						"@babel/helper-function-name": "7.0.0-beta.40",
						"@babel/types": "7.0.0-beta.40",
						"babylon": "7.0.0-beta.40",
						"debug": "3.1.0",
						"globals": "11.3.0",
						"invariant": "2.2.3",
						"lodash": "4.17.5"
					}
				},
				"@babel/types": {
					"version": "7.0.0-beta.40",
					"bundled": true,
					"requires": {
						"esutils": "2.0.2",
						"lodash": "4.17.5",
						"to-fast-properties": "2.0.0"
					}
				},
				"acorn": {
					"version": "5.4.1",
					"bundled": true
				},
				"acorn-jsx": {
					"version": "3.0.1",
					"bundled": true,
					"requires": {
						"acorn": "3.3.0"
					},
					"dependencies": {
						"acorn": {
							"version": "3.3.0",
							"bundled": true
						}
					}
				},
				"ajv": {
					"version": "6.1.1",
					"bundled": true,
					"requires": {
						"fast-deep-equal": "1.1.0",
						"fast-json-stable-stringify": "2.0.0",
						"json-schema-traverse": "0.3.1"
					}
				},
				"ajv-keywords": {
					"version": "3.1.0",
					"bundled": true
				},
				"ansi-escapes": {
					"version": "3.0.0",
					"bundled": true
				},
				"ansi-regex": {
					"version": "2.1.1",
					"bundled": true
				},
				"ansi-styles": {
					"version": "3.2.0",
					"bundled": true,
					"requires": {
						"color-convert": "1.9.1"
					}
				},
				"argparse": {
					"version": "1.0.10",
					"bundled": true,
					"requires": {
						"sprintf-js": "1.0.3"
					}
				},
				"aria-query": {
					"version": "0.7.1",
					"bundled": true,
					"requires": {
						"ast-types-flow": "0.0.7",
						"commander": "2.14.1"
					}
				},
				"array-includes": {
					"version": "3.0.3",
					"bundled": true,
					"requires": {
						"define-properties": "1.1.2",
						"es-abstract": "1.10.0"
					}
				},
				"array-union": {
					"version": "1.0.2",
					"bundled": true,
					"requires": {
						"array-uniq": "1.0.3"
					}
				},
				"array-uniq": {
					"version": "1.0.3",
					"bundled": true
				},
				"arrify": {
					"version": "1.0.1",
					"bundled": true
				},
				"asap": {
					"version": "2.0.5",
					"bundled": true
				},
				"ast-types-flow": {
					"version": "0.0.7",
					"bundled": true
				},
				"axobject-query": {
					"version": "0.1.0",
					"bundled": true,
					"requires": {
						"ast-types-flow": "0.0.7"
					}
				},
				"babel-code-frame": {
					"version": "6.26.0",
					"bundled": true,
					"requires": {
						"chalk": "1.1.3",
						"esutils": "2.0.2",
						"js-tokens": "3.0.2"
					},
					"dependencies": {
						"ansi-styles": {
							"version": "2.2.1",
							"bundled": true
						},
						"chalk": {
							"version": "1.1.3",
							"bundled": true,
							"requires": {
								"ansi-styles": "2.2.1",
								"escape-string-regexp": "1.0.5",
								"has-ansi": "2.0.0",
								"strip-ansi": "3.0.1",
								"supports-color": "2.0.0"
							}
						},
						"js-tokens": {
							"version": "3.0.2",
							"bundled": true
						},
						"strip-ansi": {
							"version": "3.0.1",
							"bundled": true,
							"requires": {
								"ansi-regex": "2.1.1"
							}
						},
						"supports-color": {
							"version": "2.0.0",
							"bundled": true
						}
					}
				},
				"babel-eslint": {
					"version": "8.2.2",
					"bundled": true,
					"requires": {
						"@babel/code-frame": "7.0.0-beta.40",
						"@babel/traverse": "7.0.0-beta.40",
						"@babel/types": "7.0.0-beta.40",
						"babylon": "7.0.0-beta.40",
						"eslint-scope": "3.7.1",
						"eslint-visitor-keys": "1.0.0"
					}
				},
				"babylon": {
					"version": "7.0.0-beta.40",
					"bundled": true
				},
				"balanced-match": {
					"version": "1.0.0",
					"bundled": true
				},
				"brace-expansion": {
					"version": "1.1.11",
					"bundled": true,
					"requires": {
						"balanced-match": "1.0.0",
						"concat-map": "0.0.1"
					}
				},
				"caller-path": {
					"version": "0.1.0",
					"bundled": true,
					"requires": {
						"callsites": "0.2.0"
					}
				},
				"callsites": {
					"version": "0.2.0",
					"bundled": true
				},
				"chalk": {
					"version": "2.3.1",
					"bundled": true,
					"requires": {
						"ansi-styles": "3.2.0",
						"escape-string-regexp": "1.0.5",
						"supports-color": "5.2.0"
					}
				},
				"chardet": {
					"version": "0.4.2",
					"bundled": true
				},
				"circular-json": {
					"version": "0.3.3",
					"bundled": true
				},
				"cli-cursor": {
					"version": "2.1.0",
					"bundled": true,
					"requires": {
						"restore-cursor": "2.0.0"
					}
				},
				"cli-width": {
					"version": "2.2.0",
					"bundled": true
				},
				"co": {
					"version": "4.6.0",
					"bundled": true
				},
				"color-convert": {
					"version": "1.9.1",
					"bundled": true,
					"requires": {
						"color-name": "1.1.3"
					}
				},
				"color-name": {
					"version": "1.1.3",
					"bundled": true
				},
				"commander": {
					"version": "2.14.1",
					"bundled": true
				},
				"concat-map": {
					"version": "0.0.1",
					"bundled": true
				},
				"concat-stream": {
					"version": "1.6.0",
					"bundled": true,
					"requires": {
						"inherits": "2.0.3",
						"readable-stream": "2.3.4",
						"typedarray": "0.0.6"
					}
				},
				"core-js": {
					"version": "1.2.7",
					"bundled": true
				},
				"core-util-is": {
					"version": "1.0.2",
					"bundled": true
				},
				"cross-spawn": {
					"version": "5.1.0",
					"bundled": true,
					"requires": {
						"lru-cache": "4.1.1",
						"shebang-command": "1.2.0",
						"which": "1.3.0"
					}
				},
				"damerau-levenshtein": {
					"version": "1.0.4",
					"bundled": true
				},
				"debug": {
					"version": "3.1.0",
					"bundled": true,
					"requires": {
						"ms": "2.0.0"
					}
				},
				"deep-is": {
					"version": "0.1.3",
					"bundled": true
				},
				"define-properties": {
					"version": "1.1.2",
					"bundled": true,
					"requires": {
						"foreach": "2.0.5",
						"object-keys": "1.0.11"
					}
				},
				"del": {
					"version": "2.2.2",
					"bundled": true,
					"requires": {
						"globby": "5.0.0",
						"is-path-cwd": "1.0.0",
						"is-path-in-cwd": "1.0.0",
						"object-assign": "4.1.1",
						"pify": "2.3.0",
						"pinkie-promise": "2.0.1",
						"rimraf": "2.6.2"
					}
				},
				"doctrine": {
					"version": "2.1.0",
					"bundled": true,
					"requires": {
						"esutils": "2.0.2"
					}
				},
				"emoji-regex": {
					"version": "6.5.1",
					"bundled": true
				},
				"encoding": {
					"version": "0.1.12",
					"bundled": true,
					"requires": {
						"iconv-lite": "0.4.17"
					},
					"dependencies": {
						"iconv-lite": {
							"version": "0.4.17",
							"bundled": true
						}
					}
				},
				"es-abstract": {
					"version": "1.10.0",
					"bundled": true,
					"requires": {
						"es-to-primitive": "1.1.1",
						"function-bind": "1.1.1",
						"has": "1.0.1",
						"is-callable": "1.1.3",
						"is-regex": "1.0.4"
					}
				},
				"es-to-primitive": {
					"version": "1.1.1",
					"bundled": true,
					"requires": {
						"is-callable": "1.1.3",
						"is-date-object": "1.0.1",
						"is-symbol": "1.0.1"
					}
				},
				"escape-string-regexp": {
					"version": "1.0.5",
					"bundled": true
				},
				"eslint": {
					"version": "4.18.1",
					"bundled": true,
					"requires": {
						"ajv": "5.5.2",
						"babel-code-frame": "6.26.0",
						"chalk": "2.3.1",
						"concat-stream": "1.6.0",
						"cross-spawn": "5.1.0",
						"debug": "3.1.0",
						"doctrine": "2.1.0",
						"eslint-scope": "3.7.1",
						"eslint-visitor-keys": "1.0.0",
						"espree": "3.5.3",
						"esquery": "1.0.0",
						"esutils": "2.0.2",
						"file-entry-cache": "2.0.0",
						"functional-red-black-tree": "1.0.1",
						"glob": "7.1.2",
						"globals": "11.3.0",
						"ignore": "3.3.7",
						"imurmurhash": "0.1.4",
						"inquirer": "3.3.0",
						"is-resolvable": "1.1.0",
						"js-yaml": "3.10.0",
						"json-stable-stringify-without-jsonify": "1.0.1",
						"levn": "0.3.0",
						"lodash": "4.17.5",
						"minimatch": "3.0.4",
						"mkdirp": "0.5.1",
						"natural-compare": "1.4.0",
						"optionator": "0.8.2",
						"path-is-inside": "1.0.2",
						"pluralize": "7.0.0",
						"progress": "2.0.0",
						"require-uncached": "1.0.3",
						"semver": "5.5.0",
						"strip-ansi": "4.0.0",
						"strip-json-comments": "2.0.1",
						"table": "4.0.3",
						"text-table": "0.2.0"
					},
					"dependencies": {
						"ajv": {
							"version": "5.5.2",
							"bundled": true,
							"requires": {
								"co": "4.6.0",
								"fast-deep-equal": "1.1.0",
								"fast-json-stable-stringify": "2.0.0",
								"json-schema-traverse": "0.3.1"
							}
						}
					}
				},
				"eslint-plugin-jsx": {
					"version": "0.0.2",
					"bundled": true,
					"requires": {
						"eslint-plugin-react": "3.4.2",
						"html-tags": "1.2.0",
						"svg-tags": "1.0.0"
					},
					"dependencies": {
						"eslint-plugin-react": {
							"version": "3.4.2",
							"bundled": true
						}
					}
				},
				"eslint-plugin-jsx-a11y": {
					"version": "6.0.3",
					"bundled": true,
					"requires": {
						"aria-query": "0.7.1",
						"array-includes": "3.0.3",
						"ast-types-flow": "0.0.7",
						"axobject-query": "0.1.0",
						"damerau-levenshtein": "1.0.4",
						"emoji-regex": "6.5.1",
						"jsx-ast-utils": "2.0.1"
					}
				},
				"eslint-plugin-react": {
					"version": "7.7.0",
					"bundled": true,
					"requires": {
						"doctrine": "2.1.0",
						"has": "1.0.1",
						"jsx-ast-utils": "2.0.1",
						"prop-types": "15.6.0"
					},
					"dependencies": {
						"fbjs": {
							"version": "0.8.16",
							"bundled": true,
							"requires": {
								"core-js": "1.2.7",
								"isomorphic-fetch": "2.2.1",
								"loose-envify": "1.3.1",
								"object-assign": "4.1.1",
								"promise": "7.1.1",
								"setimmediate": "1.0.5",
								"ua-parser-js": "0.7.12"
							}
						},
						"prop-types": {
							"version": "15.6.0",
							"bundled": true,
							"requires": {
								"fbjs": "0.8.16",
								"loose-envify": "1.3.1",
								"object-assign": "4.1.1"
							}
						}
					}
				},
				"eslint-plugin-react-native": {
					"version": "3.2.1",
					"bundled": true,
					"requires": {
						"eslint-plugin-react-native-globals": "0.1.2"
					}
				},
				"eslint-plugin-react-native-globals": {
					"version": "0.1.2",
					"bundled": true
				},
				"eslint-scope": {
					"version": "3.7.1",
					"bundled": true,
					"requires": {
						"esrecurse": "4.2.0",
						"estraverse": "4.2.0"
					}
				},
				"eslint-visitor-keys": {
					"version": "1.0.0",
					"bundled": true
				},
				"espree": {
					"version": "3.5.3",
					"bundled": true,
					"requires": {
						"acorn": "5.4.1",
						"acorn-jsx": "3.0.1"
					}
				},
				"esprima": {
					"version": "4.0.0",
					"bundled": true
				},
				"esquery": {
					"version": "1.0.0",
					"bundled": true,
					"requires": {
						"estraverse": "4.2.0"
					}
				},
				"esrecurse": {
					"version": "4.2.0",
					"bundled": true,
					"requires": {
						"estraverse": "4.2.0",
						"object-assign": "4.1.1"
					}
				},
				"estraverse": {
					"version": "4.2.0",
					"bundled": true
				},
				"esutils": {
					"version": "2.0.2",
					"bundled": true
				},
				"external-editor": {
					"version": "2.1.0",
					"bundled": true,
					"requires": {
						"chardet": "0.4.2",
						"iconv-lite": "0.4.19",
						"tmp": "0.0.33"
					}
				},
				"fast-deep-equal": {
					"version": "1.1.0",
					"bundled": true
				},
				"fast-json-stable-stringify": {
					"version": "2.0.0",
					"bundled": true
				},
				"fast-levenshtein": {
					"version": "2.0.6",
					"bundled": true
				},
				"fbjs": {
					"version": "0.8.12",
					"bundled": true,
					"requires": {
						"core-js": "1.2.7",
						"isomorphic-fetch": "2.2.1",
						"loose-envify": "1.3.1",
						"object-assign": "4.1.1",
						"promise": "7.1.1",
						"setimmediate": "1.0.5",
						"ua-parser-js": "0.7.12"
					}
				},
				"figures": {
					"version": "2.0.0",
					"bundled": true,
					"requires": {
						"escape-string-regexp": "1.0.5"
					}
				},
				"file-entry-cache": {
					"version": "2.0.0",
					"bundled": true,
					"requires": {
						"flat-cache": "1.3.0",
						"object-assign": "4.1.1"
					}
				},
				"flat-cache": {
					"version": "1.3.0",
					"bundled": true,
					"requires": {
						"circular-json": "0.3.3",
						"del": "2.2.2",
						"graceful-fs": "4.1.11",
						"write": "0.2.1"
					}
				},
				"foreach": {
					"version": "2.0.5",
					"bundled": true
				},
				"fs.realpath": {
					"version": "1.0.0",
					"bundled": true
				},
				"function-bind": {
					"version": "1.1.1",
					"bundled": true
				},
				"functional-red-black-tree": {
					"version": "1.0.1",
					"bundled": true
				},
				"glob": {
					"version": "7.1.2",
					"bundled": true,
					"requires": {
						"fs.realpath": "1.0.0",
						"inflight": "1.0.6",
						"inherits": "2.0.3",
						"minimatch": "3.0.4",
						"once": "1.4.0",
						"path-is-absolute": "1.0.1"
					}
				},
				"globals": {
					"version": "11.3.0",
					"bundled": true
				},
				"globby": {
					"version": "5.0.0",
					"bundled": true,
					"requires": {
						"array-union": "1.0.2",
						"arrify": "1.0.1",
						"glob": "7.1.2",
						"object-assign": "4.1.1",
						"pify": "2.3.0",
						"pinkie-promise": "2.0.1"
					}
				},
				"graceful-fs": {
					"version": "4.1.11",
					"bundled": true
				},
				"has": {
					"version": "1.0.1",
					"bundled": true,
					"requires": {
						"function-bind": "1.1.1"
					}
				},
				"has-ansi": {
					"version": "2.0.0",
					"bundled": true,
					"requires": {
						"ansi-regex": "2.1.1"
					}
				},
				"has-flag": {
					"version": "3.0.0",
					"bundled": true
				},
				"html-tags": {
					"version": "1.2.0",
					"bundled": true
				},
				"iconv-lite": {
					"version": "0.4.19",
					"bundled": true
				},
				"ignore": {
					"version": "3.3.7",
					"bundled": true
				},
				"immutable": {
					"version": "3.8.1",
					"bundled": true
				},
				"imurmurhash": {
					"version": "0.1.4",
					"bundled": true
				},
				"inflight": {
					"version": "1.0.6",
					"bundled": true,
					"requires": {
						"once": "1.4.0",
						"wrappy": "1.0.2"
					}
				},
				"inherits": {
					"version": "2.0.3",
					"bundled": true
				},
				"inquirer": {
					"version": "3.3.0",
					"bundled": true,
					"requires": {
						"ansi-escapes": "3.0.0",
						"chalk": "2.3.1",
						"cli-cursor": "2.1.0",
						"cli-width": "2.2.0",
						"external-editor": "2.1.0",
						"figures": "2.0.0",
						"lodash": "4.17.5",
						"mute-stream": "0.0.7",
						"run-async": "2.3.0",
						"rx-lite": "4.0.8",
						"rx-lite-aggregates": "4.0.8",
						"string-width": "2.1.1",
						"strip-ansi": "4.0.0",
						"through": "2.3.8"
					}
				},
				"invariant": {
					"version": "2.2.3",
					"bundled": true,
					"requires": {
						"loose-envify": "1.3.1"
					}
				},
				"is-callable": {
					"version": "1.1.3",
					"bundled": true
				},
				"is-date-object": {
					"version": "1.0.1",
					"bundled": true
				},
				"is-fullwidth-code-point": {
					"version": "2.0.0",
					"bundled": true
				},
				"is-path-cwd": {
					"version": "1.0.0",
					"bundled": true
				},
				"is-path-in-cwd": {
					"version": "1.0.0",
					"bundled": true,
					"requires": {
						"is-path-inside": "1.0.1"
					}
				},
				"is-path-inside": {
					"version": "1.0.1",
					"bundled": true,
					"requires": {
						"path-is-inside": "1.0.2"
					}
				},
				"is-promise": {
					"version": "2.1.0",
					"bundled": true
				},
				"is-regex": {
					"version": "1.0.4",
					"bundled": true,
					"requires": {
						"has": "1.0.1"
					}
				},
				"is-resolvable": {
					"version": "1.1.0",
					"bundled": true
				},
				"is-stream": {
					"version": "1.1.0",
					"bundled": true
				},
				"is-symbol": {
					"version": "1.0.1",
					"bundled": true
				},
				"isarray": {
					"version": "1.0.0",
					"bundled": true
				},
				"isexe": {
					"version": "2.0.0",
					"bundled": true
				},
				"isomorphic-fetch": {
					"version": "2.2.1",
					"bundled": true,
					"requires": {
						"node-fetch": "1.7.1",
						"whatwg-fetch": "2.0.3"
					}
				},
				"js-tokens": {
					"version": "3.0.1",
					"bundled": true
				},
				"js-yaml": {
					"version": "3.10.0",
					"bundled": true,
					"requires": {
						"argparse": "1.0.10",
						"esprima": "4.0.0"
					}
				},
				"jsesc": {
					"version": "2.5.1",
					"bundled": true
				},
				"json-schema-traverse": {
					"version": "0.3.1",
					"bundled": true
				},
				"json-stable-stringify-without-jsonify": {
					"version": "1.0.1",
					"bundled": true
				},
				"jsx-ast-utils": {
					"version": "2.0.1",
					"bundled": true,
					"requires": {
						"array-includes": "3.0.3"
					}
				},
				"levn": {
					"version": "0.3.0",
					"bundled": true,
					"requires": {
						"prelude-ls": "1.1.2",
						"type-check": "0.3.2"
					}
				},
				"lodash": {
					"version": "4.17.5",
					"bundled": true
				},
				"loose-envify": {
					"version": "1.3.1",
					"bundled": true,
					"requires": {
						"js-tokens": "3.0.1"
					}
				},
				"lru-cache": {
					"version": "4.1.1",
					"bundled": true,
					"requires": {
						"pseudomap": "1.0.2",
						"yallist": "2.1.2"
					}
				},
				"mimic-fn": {
					"version": "1.2.0",
					"bundled": true
				},
				"minimatch": {
					"version": "3.0.4",
					"bundled": true,
					"requires": {
						"brace-expansion": "1.1.11"
					}
				},
				"minimist": {
					"version": "0.0.8",
					"bundled": true
				},
				"mkdirp": {
					"version": "0.5.1",
					"bundled": true,
					"requires": {
						"minimist": "0.0.8"
					}
				},
				"ms": {
					"version": "2.0.0",
					"bundled": true
				},
				"mute-stream": {
					"version": "0.0.7",
					"bundled": true
				},
				"natural-compare": {
					"version": "1.4.0",
					"bundled": true
				},
				"node-fetch": {
					"version": "1.7.1",
					"bundled": true,
					"requires": {
						"encoding": "0.1.12",
						"is-stream": "1.1.0"
					}
				},
				"object-assign": {
					"version": "4.1.1",
					"bundled": true
				},
				"object-keys": {
					"version": "1.0.11",
					"bundled": true
				},
				"once": {
					"version": "1.4.0",
					"bundled": true,
					"requires": {
						"wrappy": "1.0.2"
					}
				},
				"onetime": {
					"version": "2.0.1",
					"bundled": true,
					"requires": {
						"mimic-fn": "1.2.0"
					}
				},
				"optionator": {
					"version": "0.8.2",
					"bundled": true,
					"requires": {
						"deep-is": "0.1.3",
						"fast-levenshtein": "2.0.6",
						"levn": "0.3.0",
						"prelude-ls": "1.1.2",
						"type-check": "0.3.2",
						"wordwrap": "1.0.0"
					}
				},
				"os-tmpdir": {
					"version": "1.0.2",
					"bundled": true
				},
				"path-is-absolute": {
					"version": "1.0.1",
					"bundled": true
				},
				"path-is-inside": {
					"version": "1.0.2",
					"bundled": true
				},
				"pify": {
					"version": "2.3.0",
					"bundled": true
				},
				"pinkie": {
					"version": "2.0.4",
					"bundled": true
				},
				"pinkie-promise": {
					"version": "2.0.1",
					"bundled": true,
					"requires": {
						"pinkie": "2.0.4"
					}
				},
				"pluralize": {
					"version": "7.0.0",
					"bundled": true
				},
				"prelude-ls": {
					"version": "1.1.2",
					"bundled": true
				},
				"process-nextick-args": {
					"version": "2.0.0",
					"bundled": true
				},
				"progress": {
					"version": "2.0.0",
					"bundled": true
				},
				"promise": {
					"version": "7.1.1",
					"bundled": true,
					"requires": {
						"asap": "2.0.5"
					}
				},
				"prop-types": {
					"version": "15.5.10",
					"bundled": true,
					"requires": {
						"fbjs": "0.8.12",
						"loose-envify": "1.3.1"
					}
				},
				"pseudomap": {
					"version": "1.0.2",
					"bundled": true
				},
				"readable-stream": {
					"version": "2.3.4",
					"bundled": true,
					"requires": {
						"core-util-is": "1.0.2",
						"inherits": "2.0.3",
						"isarray": "1.0.0",
						"process-nextick-args": "2.0.0",
						"safe-buffer": "5.1.1",
						"string_decoder": "1.0.3",
						"util-deprecate": "1.0.2"
					}
				},
				"require-uncached": {
					"version": "1.0.3",
					"bundled": true,
					"requires": {
						"caller-path": "0.1.0",
						"resolve-from": "1.0.1"
					}
				},
				"resolve-from": {
					"version": "1.0.1",
					"bundled": true
				},
				"restore-cursor": {
					"version": "2.0.0",
					"bundled": true,
					"requires": {
						"onetime": "2.0.1",
						"signal-exit": "3.0.2"
					}
				},
				"rimraf": {
					"version": "2.6.2",
					"bundled": true,
					"requires": {
						"glob": "7.1.2"
					}
				},
				"run-async": {
					"version": "2.3.0",
					"bundled": true,
					"requires": {
						"is-promise": "2.1.0"
					}
				},
				"rx-lite": {
					"version": "4.0.8",
					"bundled": true
				},
				"rx-lite-aggregates": {
					"version": "4.0.8",
					"bundled": true,
					"requires": {
						"rx-lite": "4.0.8"
					}
				},
				"safe-buffer": {
					"version": "5.1.1",
					"bundled": true
				},
				"semver": {
					"version": "5.5.0",
					"bundled": true
				},
				"setimmediate": {
					"version": "1.0.5",
					"bundled": true
				},
				"shebang-command": {
					"version": "1.2.0",
					"bundled": true,
					"requires": {
						"shebang-regex": "1.0.0"
					}
				},
				"shebang-regex": {
					"version": "1.0.0",
					"bundled": true
				},
				"signal-exit": {
					"version": "3.0.2",
					"bundled": true
				},
				"slice-ansi": {
					"version": "1.0.0",
					"bundled": true,
					"requires": {
						"is-fullwidth-code-point": "2.0.0"
					}
				},
				"source-map": {
					"version": "0.5.7",
					"bundled": true
				},
				"sprintf-js": {
					"version": "1.0.3",
					"bundled": true
				},
				"string-width": {
					"version": "2.1.1",
					"bundled": true,
					"requires": {
						"is-fullwidth-code-point": "2.0.0",
						"strip-ansi": "4.0.0"
					}
				},
				"string_decoder": {
					"version": "1.0.3",
					"bundled": true,
					"requires": {
						"safe-buffer": "5.1.1"
					}
				},
				"strip-ansi": {
					"version": "4.0.0",
					"bundled": true,
					"requires": {
						"ansi-regex": "3.0.0"
					},
					"dependencies": {
						"ansi-regex": {
							"version": "3.0.0",
							"bundled": true
						}
					}
				},
				"strip-json-comments": {
					"version": "2.0.1",
					"bundled": true
				},
				"supports-color": {
					"version": "5.2.0",
					"bundled": true,
					"requires": {
						"has-flag": "3.0.0"
					}
				},
				"svg-tags": {
					"version": "1.0.0",
					"bundled": true
				},
				"table": {
					"version": "4.0.3",
					"bundled": true,
					"requires": {
						"ajv": "6.1.1",
						"ajv-keywords": "3.1.0",
						"chalk": "2.3.1",
						"lodash": "4.17.5",
						"slice-ansi": "1.0.0",
						"string-width": "2.1.1"
					}
				},
				"text-table": {
					"version": "0.2.0",
					"bundled": true
				},
				"through": {
					"version": "2.3.8",
					"bundled": true
				},
				"tmp": {
					"version": "0.0.33",
					"bundled": true,
					"requires": {
						"os-tmpdir": "1.0.2"
					}
				},
				"to-fast-properties": {
					"version": "2.0.0",
					"bundled": true
				},
				"trim-right": {
					"version": "1.0.1",
					"bundled": true
				},
				"type-check": {
					"version": "0.3.2",
					"bundled": true,
					"requires": {
						"prelude-ls": "1.1.2"
					}
				},
				"typedarray": {
					"version": "0.0.6",
					"bundled": true
				},
				"ua-parser-js": {
					"version": "0.7.12",
					"bundled": true
				},
				"util-deprecate": {
					"version": "1.0.2",
					"bundled": true
				},
				"whatwg-fetch": {
					"version": "2.0.3",
					"bundled": true
				},
				"which": {
					"version": "1.3.0",
					"bundled": true,
					"requires": {
						"isexe": "2.0.0"
					}
				},
				"wordwrap": {
					"version": "1.0.0",
					"bundled": true
				},
				"wrappy": {
					"version": "1.0.2",
					"bundled": true
				},
				"write": {
					"version": "0.2.1",
					"bundled": true,
					"requires": {
						"mkdirp": "0.5.1"
					}
				},
				"yallist": {
					"version": "2.1.2",
					"bundled": true
				}
			}
		}
	}
}
